
Microsoft Visual Studio Solution File, Format Version 11.00
# Visual Studio 2010
Project("{FAE04EC0-301F-11D3-BF4B-00C04F79EFBC}") = "PowerAssert", "PowerAssert\PowerAssert.csproj", "{7E9D2DB4-78FE-41BD-9566-15F68D42E4D9}"
EndProject
Project("{FAE04EC0-301F-11D3-BF4B-00C04F79EFBC}") = "PowerAssertTests", "PowerAssertTests\PowerAssertTests.csproj", "{665FDD28-99EF-4038-9469-1B27F778BF1D}"
EndProject
Global
	GlobalSection(SolutionConfigurationPlatforms) = preSolution
		Debug|Any CPU = Debug|Any CPU
		NuPackRelease|Any CPU = NuPackRelease|Any CPU
		Release|Any CPU = Release|Any CPU
	EndGlobalSection
	GlobalSection(ProjectConfigurationPlatforms) = postSolution
		{7E9D2DB4-78FE-41BD-9566-15F68D42E4D9}.Debug|Any CPU.ActiveCfg = Debug|Any CPU
		{7E9D2DB4-78FE-41BD-9566-15F68D42E4D9}.Debug|Any CPU.Build.0 = Debug|Any CPU
		{7E9D2DB4-78FE-41BD-9566-15F68D42E4D9}.NuPackRelease|Any CPU.ActiveCfg = NuPackRelease|Any CPU
		{7E9D2DB4-78FE-41BD-9566-15F68D42E4D9}.NuPackRelease|Any CPU.Build.0 = NuPackRelease|Any CPU
		{7E9D2DB4-78FE-41BD-9566-15F68D42E4D9}.Release|Any CPU.ActiveCfg = Release|Any CPU
		{7E9D2DB4-78FE-41BD-9566-15F68D42E4D9}.Release|Any CPU.Build.0 = Release|Any CPU
		{665FDD28-99EF-4038-9469-1B27F778BF1D}.Debug|Any CPU.ActiveCfg = Debug|Any CPU
		{665FDD28-99EF-4038-9469-1B27F778BF1D}.Debug|Any CPU.Build.0 = Debug|Any CPU
		{665FDD28-99EF-4038-9469-1B27F778BF1D}.NuPackRelease|Any CPU.ActiveCfg = Release|Any CPU
		{665FDD28-99EF-4038-9469-1B27F778BF1D}.NuPackRelease|Any CPU.Build.0 = Release|Any CPU
		{665FDD28-99EF-4038-9469-1B27F778BF1D}.Release|Any CPU.ActiveCfg = Release|Any CPU
		{665FDD28-99EF-4038-9469-1B27F778BF1D}.Release|Any CPU.Build.0 = Release|Any CPU
	EndGlobalSection
	GlobalSection(SolutionProperties) = preSolution
		HideSolutionNode = FALSE
	EndGlobalSection
EndGlobal
