
Microsoft Visual Studio Solution File, Format Version 11.00
# Visual Studio 2010
Project("{FAE04EC0-301F-11D3-BF4B-00C04F79EFBC}") = "AutoTest.VM", "AutoTest.VM\AutoTest.VM.csproj", "{FAA1D2AE-8A69-479E-9744-EE9BA489BC3F}"
EndProject
Project("{FAE04EC0-301F-11D3-BF4B-00C04F79EFBC}") = "AutoTest.VM.Messages", "AutoTest.VM.Messages\AutoTest.VM.Messages.csproj", "{052F78A0-E25A-4C48-8409-CA4DE76958E6}"
EndProject
Project("{2150E333-8FDC-42A3-9474-1A3956D46DE8}") = "Tests", "Tests", "{1C07C567-A1C7-4BE9-81BA-5BE1DE043065}"
EndProject
Project("{FAE04EC0-301F-11D3-BF4B-00C04F79EFBC}") = "AutoTest.Profiler.Tests", "AutoTest.Profiler.Tests\AutoTest.Profiler.Tests.csproj", "{7EFC1679-11C0-4C4D-92F6-739FFEDEB584}"
EndProject
Project("{FAE04EC0-301F-11D3-BF4B-00C04F79EFBC}") = "ContinuousTests.ExtensionModel.Console", "ContinuousTests.ExtensionModel.Console\ContinuousTests.ExtensionModel.Console.csproj", "{F835CFE4-6A25-495F-B57B-1C09D0029B3A}"
EndProject
Project("{FAE04EC0-301F-11D3-BF4B-00C04F79EFBC}") = "AutoTest.Minimizer.Tests", "AutoTest.Minimizer.Tests\AutoTest.Minimizer.Tests.csproj", "{D0BC24E3-F0FD-4F3F-82A9-A37E01D470A9}"
EndProject
Project("{FAE04EC0-301F-11D3-BF4B-00C04F79EFBC}") = "AutoTest.Client", "AutoTest.Client\AutoTest.Client.csproj", "{CFB2A643-AE2E-4B58-8C35-8763FFAA94D6}"
EndProject
Project("{2150E333-8FDC-42A3-9474-1A3956D46DE8}") = "ContinuousTests", "ContinuousTests", "{89333AD7-954D-4B21-8D48-58677B2457D7}"
EndProject
Project("{FAE04EC0-301F-11D3-BF4B-00C04F79EFBC}") = "ContinuousTests", "ContinuousTests\ContinuousTests.csproj", "{2C2984E7-8FE9-49DF-80D7-2B7E0489C152}"
EndProject
Project("{FAE04EC0-301F-11D3-BF4B-00C04F79EFBC}") = "ContinuousTests.ExtensionModel", "ContinuousTests.ExtensionModel\ContinuousTests.ExtensionModel.csproj", "{358B9AE1-8B60-41F6-B51A-AC6AA26C1974}"
EndProject
Project("{FAE04EC0-301F-11D3-BF4B-00C04F79EFBC}") = "AutoTest.Profiler", "AutoTest.Profiler\AutoTest.Profiler.csproj", "{A59EC146-66F9-45A4-95E6-18242714B581}"
EndProject
Project("{FAE04EC0-301F-11D3-BF4B-00C04F79EFBC}") = "AutoTest.Graphs", "AutoTest.Graphs\AutoTest.Graphs.csproj", "{F59ADD6E-822A-4F5F-92CC-896F4669C740}"
EndProject
Project("{FAE04EC0-301F-11D3-BF4B-00C04F79EFBC}") = "AutoTest.VM.Tests", "AutoTest.VM.Tests\AutoTest.VM.Tests.csproj", "{C95D507F-33D8-4D7C-8B99-81466E790A43}"
EndProject
Project("{FAE04EC0-301F-11D3-BF4B-00C04F79EFBC}") = "AutoTest.Minimizer", "AutoTest.Minimizer\AutoTest.Minimizer.csproj", "{56533C4F-DA7B-4DB3-8A08-37E9A901D15F}"
EndProject
Global
	GlobalSection(SolutionConfigurationPlatforms) = preSolution
		Debug|Any CPU = Debug|Any CPU
		Debug|Mixed Platforms = Debug|Mixed Platforms
		Debug|x86 = Debug|x86
		Release|Any CPU = Release|Any CPU
		Release|Mixed Platforms = Release|Mixed Platforms
		Release|x86 = Release|x86
	EndGlobalSection
	GlobalSection(ProjectConfigurationPlatforms) = postSolution
		{052F78A0-E25A-4C48-8409-CA4DE76958E6}.Debug|Any CPU.ActiveCfg = Debug|Any CPU
		{052F78A0-E25A-4C48-8409-CA4DE76958E6}.Debug|Any CPU.Build.0 = Debug|Any CPU
		{052F78A0-E25A-4C48-8409-CA4DE76958E6}.Debug|Mixed Platforms.ActiveCfg = Debug|Any CPU
		{052F78A0-E25A-4C48-8409-CA4DE76958E6}.Debug|Mixed Platforms.Build.0 = Debug|Any CPU
		{052F78A0-E25A-4C48-8409-CA4DE76958E6}.Debug|x86.ActiveCfg = Debug|Any CPU
		{052F78A0-E25A-4C48-8409-CA4DE76958E6}.Release|Any CPU.ActiveCfg = Release|Any CPU
		{052F78A0-E25A-4C48-8409-CA4DE76958E6}.Release|Any CPU.Build.0 = Release|Any CPU
		{052F78A0-E25A-4C48-8409-CA4DE76958E6}.Release|Mixed Platforms.ActiveCfg = Release|Any CPU
		{052F78A0-E25A-4C48-8409-CA4DE76958E6}.Release|Mixed Platforms.Build.0 = Release|Any CPU
		{052F78A0-E25A-4C48-8409-CA4DE76958E6}.Release|x86.ActiveCfg = Release|Any CPU
		{2C2984E7-8FE9-49DF-80D7-2B7E0489C152}.Debug|Any CPU.ActiveCfg = Debug|x86
		{2C2984E7-8FE9-49DF-80D7-2B7E0489C152}.Debug|Mixed Platforms.ActiveCfg = Debug|x86
		{2C2984E7-8FE9-49DF-80D7-2B7E0489C152}.Debug|Mixed Platforms.Build.0 = Debug|x86
		{2C2984E7-8FE9-49DF-80D7-2B7E0489C152}.Debug|x86.ActiveCfg = Debug|x86
		{2C2984E7-8FE9-49DF-80D7-2B7E0489C152}.Debug|x86.Build.0 = Debug|x86
		{2C2984E7-8FE9-49DF-80D7-2B7E0489C152}.Release|Any CPU.ActiveCfg = Release|x86
		{2C2984E7-8FE9-49DF-80D7-2B7E0489C152}.Release|Mixed Platforms.ActiveCfg = Release|x86
		{2C2984E7-8FE9-49DF-80D7-2B7E0489C152}.Release|Mixed Platforms.Build.0 = Release|x86
		{2C2984E7-8FE9-49DF-80D7-2B7E0489C152}.Release|x86.ActiveCfg = Release|x86
		{2C2984E7-8FE9-49DF-80D7-2B7E0489C152}.Release|x86.Build.0 = Release|x86
		{358B9AE1-8B60-41F6-B51A-AC6AA26C1974}.Debug|Any CPU.ActiveCfg = Debug|Any CPU
		{358B9AE1-8B60-41F6-B51A-AC6AA26C1974}.Debug|Any CPU.Build.0 = Debug|Any CPU
		{358B9AE1-8B60-41F6-B51A-AC6AA26C1974}.Debug|Mixed Platforms.ActiveCfg = Debug|Any CPU
		{358B9AE1-8B60-41F6-B51A-AC6AA26C1974}.Debug|Mixed Platforms.Build.0 = Debug|Any CPU
		{358B9AE1-8B60-41F6-B51A-AC6AA26C1974}.Debug|x86.ActiveCfg = Debug|Any CPU
		{358B9AE1-8B60-41F6-B51A-AC6AA26C1974}.Release|Any CPU.ActiveCfg = Release|Any CPU
		{358B9AE1-8B60-41F6-B51A-AC6AA26C1974}.Release|Any CPU.Build.0 = Release|Any CPU
		{358B9AE1-8B60-41F6-B51A-AC6AA26C1974}.Release|Mixed Platforms.ActiveCfg = Release|Any CPU
		{358B9AE1-8B60-41F6-B51A-AC6AA26C1974}.Release|Mixed Platforms.Build.0 = Release|Any CPU
		{358B9AE1-8B60-41F6-B51A-AC6AA26C1974}.Release|x86.ActiveCfg = Release|Any CPU
		{56533C4F-DA7B-4DB3-8A08-37E9A901D15F}.Debug|Any CPU.ActiveCfg = Debug|Any CPU
		{56533C4F-DA7B-4DB3-8A08-37E9A901D15F}.Debug|Any CPU.Build.0 = Debug|Any CPU
		{56533C4F-DA7B-4DB3-8A08-37E9A901D15F}.Debug|Mixed Platforms.ActiveCfg = Debug|Any CPU
		{56533C4F-DA7B-4DB3-8A08-37E9A901D15F}.Debug|Mixed Platforms.Build.0 = Debug|Any CPU
		{56533C4F-DA7B-4DB3-8A08-37E9A901D15F}.Debug|x86.ActiveCfg = Debug|Any CPU
		{56533C4F-DA7B-4DB3-8A08-37E9A901D15F}.Debug|x86.Build.0 = Debug|Any CPU
		{56533C4F-DA7B-4DB3-8A08-37E9A901D15F}.Release|Any CPU.ActiveCfg = Release|Any CPU
		{56533C4F-DA7B-4DB3-8A08-37E9A901D15F}.Release|Any CPU.Build.0 = Release|Any CPU
		{56533C4F-DA7B-4DB3-8A08-37E9A901D15F}.Release|Mixed Platforms.ActiveCfg = Release|Any CPU
		{56533C4F-DA7B-4DB3-8A08-37E9A901D15F}.Release|Mixed Platforms.Build.0 = Release|Any CPU
		{56533C4F-DA7B-4DB3-8A08-37E9A901D15F}.Release|x86.ActiveCfg = Release|Any CPU
		{56533C4F-DA7B-4DB3-8A08-37E9A901D15F}.Release|x86.Build.0 = Release|Any CPU
		{7EFC1679-11C0-4C4D-92F6-739FFEDEB584}.Debug|Any CPU.ActiveCfg = Debug|Any CPU
		{7EFC1679-11C0-4C4D-92F6-739FFEDEB584}.Debug|Any CPU.Build.0 = Debug|Any CPU
		{7EFC1679-11C0-4C4D-92F6-739FFEDEB584}.Debug|Mixed Platforms.ActiveCfg = Debug|Any CPU
		{7EFC1679-11C0-4C4D-92F6-739FFEDEB584}.Debug|Mixed Platforms.Build.0 = Debug|Any CPU
		{7EFC1679-11C0-4C4D-92F6-739FFEDEB584}.Debug|x86.ActiveCfg = Debug|Any CPU
		{7EFC1679-11C0-4C4D-92F6-739FFEDEB584}.Release|Any CPU.ActiveCfg = Release|Any CPU
		{7EFC1679-11C0-4C4D-92F6-739FFEDEB584}.Release|Any CPU.Build.0 = Release|Any CPU
		{7EFC1679-11C0-4C4D-92F6-739FFEDEB584}.Release|Mixed Platforms.ActiveCfg = Release|Any CPU
		{7EFC1679-11C0-4C4D-92F6-739FFEDEB584}.Release|Mixed Platforms.Build.0 = Release|Any CPU
		{7EFC1679-11C0-4C4D-92F6-739FFEDEB584}.Release|x86.ActiveCfg = Release|Any CPU
		{A59EC146-66F9-45A4-95E6-18242714B581}.Debug|Any CPU.ActiveCfg = Debug|Any CPU
		{A59EC146-66F9-45A4-95E6-18242714B581}.Debug|Any CPU.Build.0 = Debug|Any CPU
		{A59EC146-66F9-45A4-95E6-18242714B581}.Debug|Mixed Platforms.ActiveCfg = Debug|Any CPU
		{A59EC146-66F9-45A4-95E6-18242714B581}.Debug|Mixed Platforms.Build.0 = Debug|Any CPU
		{A59EC146-66F9-45A4-95E6-18242714B581}.Debug|x86.ActiveCfg = Debug|Any CPU
		{A59EC146-66F9-45A4-95E6-18242714B581}.Release|Any CPU.ActiveCfg = Release|Any CPU
		{A59EC146-66F9-45A4-95E6-18242714B581}.Release|Any CPU.Build.0 = Release|Any CPU
		{A59EC146-66F9-45A4-95E6-18242714B581}.Release|Mixed Platforms.ActiveCfg = Release|Any CPU
		{A59EC146-66F9-45A4-95E6-18242714B581}.Release|Mixed Platforms.Build.0 = Release|Any CPU
		{A59EC146-66F9-45A4-95E6-18242714B581}.Release|x86.ActiveCfg = Release|Any CPU
		{C95D507F-33D8-4D7C-8B99-81466E790A43}.Debug|Any CPU.ActiveCfg = Debug|Any CPU
		{C95D507F-33D8-4D7C-8B99-81466E790A43}.Debug|Any CPU.Build.0 = Debug|Any CPU
		{C95D507F-33D8-4D7C-8B99-81466E790A43}.Debug|Mixed Platforms.ActiveCfg = Debug|Any CPU
		{C95D507F-33D8-4D7C-8B99-81466E790A43}.Debug|Mixed Platforms.Build.0 = Debug|Any CPU
		{C95D507F-33D8-4D7C-8B99-81466E790A43}.Debug|x86.ActiveCfg = Debug|Any CPU
		{C95D507F-33D8-4D7C-8B99-81466E790A43}.Debug|x86.Build.0 = Debug|Any CPU
		{C95D507F-33D8-4D7C-8B99-81466E790A43}.Release|Any CPU.ActiveCfg = Release|Any CPU
		{C95D507F-33D8-4D7C-8B99-81466E790A43}.Release|Any CPU.Build.0 = Release|Any CPU
		{C95D507F-33D8-4D7C-8B99-81466E790A43}.Release|Mixed Platforms.ActiveCfg = Release|Any CPU
		{C95D507F-33D8-4D7C-8B99-81466E790A43}.Release|Mixed Platforms.Build.0 = Release|Any CPU
		{C95D507F-33D8-4D7C-8B99-81466E790A43}.Release|x86.ActiveCfg = Release|Any CPU
		{C95D507F-33D8-4D7C-8B99-81466E790A43}.Release|x86.Build.0 = Release|Any CPU
		{CFB2A643-AE2E-4B58-8C35-8763FFAA94D6}.Debug|Any CPU.ActiveCfg = Debug|Any CPU
		{CFB2A643-AE2E-4B58-8C35-8763FFAA94D6}.Debug|Any CPU.Build.0 = Debug|Any CPU
		{CFB2A643-AE2E-4B58-8C35-8763FFAA94D6}.Debug|Mixed Platforms.ActiveCfg = Debug|Any CPU
		{CFB2A643-AE2E-4B58-8C35-8763FFAA94D6}.Debug|Mixed Platforms.Build.0 = Debug|Any CPU
		{CFB2A643-AE2E-4B58-8C35-8763FFAA94D6}.Debug|x86.ActiveCfg = Debug|Any CPU
		{CFB2A643-AE2E-4B58-8C35-8763FFAA94D6}.Release|Any CPU.ActiveCfg = Release|Any CPU
		{CFB2A643-AE2E-4B58-8C35-8763FFAA94D6}.Release|Any CPU.Build.0 = Release|Any CPU
		{CFB2A643-AE2E-4B58-8C35-8763FFAA94D6}.Release|Mixed Platforms.ActiveCfg = Release|Any CPU
		{CFB2A643-AE2E-4B58-8C35-8763FFAA94D6}.Release|Mixed Platforms.Build.0 = Release|Any CPU
		{CFB2A643-AE2E-4B58-8C35-8763FFAA94D6}.Release|x86.ActiveCfg = Release|Any CPU
		{D0BC24E3-F0FD-4F3F-82A9-A37E01D470A9}.Debug|Any CPU.ActiveCfg = Debug|Any CPU
		{D0BC24E3-F0FD-4F3F-82A9-A37E01D470A9}.Debug|Any CPU.Build.0 = Debug|Any CPU
		{D0BC24E3-F0FD-4F3F-82A9-A37E01D470A9}.Debug|Mixed Platforms.ActiveCfg = Debug|Any CPU
		{D0BC24E3-F0FD-4F3F-82A9-A37E01D470A9}.Debug|Mixed Platforms.Build.0 = Debug|Any CPU
		{D0BC24E3-F0FD-4F3F-82A9-A37E01D470A9}.Debug|x86.ActiveCfg = Debug|Any CPU
		{D0BC24E3-F0FD-4F3F-82A9-A37E01D470A9}.Debug|x86.Build.0 = Debug|Any CPU
		{D0BC24E3-F0FD-4F3F-82A9-A37E01D470A9}.Release|Any CPU.ActiveCfg = Release|Any CPU
		{D0BC24E3-F0FD-4F3F-82A9-A37E01D470A9}.Release|Any CPU.Build.0 = Release|Any CPU
		{D0BC24E3-F0FD-4F3F-82A9-A37E01D470A9}.Release|Mixed Platforms.ActiveCfg = Release|Any CPU
		{D0BC24E3-F0FD-4F3F-82A9-A37E01D470A9}.Release|Mixed Platforms.Build.0 = Release|Any CPU
		{D0BC24E3-F0FD-4F3F-82A9-A37E01D470A9}.Release|x86.ActiveCfg = Release|Any CPU
		{D0BC24E3-F0FD-4F3F-82A9-A37E01D470A9}.Release|x86.Build.0 = Release|Any CPU
		{F59ADD6E-822A-4F5F-92CC-896F4669C740}.Debug|Any CPU.ActiveCfg = Debug|Any CPU
		{F59ADD6E-822A-4F5F-92CC-896F4669C740}.Debug|Any CPU.Build.0 = Debug|Any CPU
		{F59ADD6E-822A-4F5F-92CC-896F4669C740}.Debug|Mixed Platforms.ActiveCfg = Debug|Any CPU
		{F59ADD6E-822A-4F5F-92CC-896F4669C740}.Debug|Mixed Platforms.Build.0 = Debug|Any CPU
		{F59ADD6E-822A-4F5F-92CC-896F4669C740}.Debug|x86.ActiveCfg = Debug|Any CPU
		{F59ADD6E-822A-4F5F-92CC-896F4669C740}.Debug|x86.Build.0 = Debug|Any CPU
		{F59ADD6E-822A-4F5F-92CC-896F4669C740}.Release|Any CPU.ActiveCfg = Release|Any CPU
		{F59ADD6E-822A-4F5F-92CC-896F4669C740}.Release|Any CPU.Build.0 = Release|Any CPU
		{F59ADD6E-822A-4F5F-92CC-896F4669C740}.Release|Mixed Platforms.ActiveCfg = Release|Any CPU
		{F59ADD6E-822A-4F5F-92CC-896F4669C740}.Release|Mixed Platforms.Build.0 = Release|Any CPU
		{F59ADD6E-822A-4F5F-92CC-896F4669C740}.Release|x86.ActiveCfg = Release|Any CPU
		{F59ADD6E-822A-4F5F-92CC-896F4669C740}.Release|x86.Build.0 = Release|Any CPU
		{F835CFE4-6A25-495F-B57B-1C09D0029B3A}.Debug|Any CPU.ActiveCfg = Debug|x86
		{F835CFE4-6A25-495F-B57B-1C09D0029B3A}.Debug|Mixed Platforms.ActiveCfg = Debug|x86
		{F835CFE4-6A25-495F-B57B-1C09D0029B3A}.Debug|Mixed Platforms.Build.0 = Debug|x86
		{F835CFE4-6A25-495F-B57B-1C09D0029B3A}.Debug|x86.ActiveCfg = Debug|x86
		{F835CFE4-6A25-495F-B57B-1C09D0029B3A}.Debug|x86.Build.0 = Debug|x86
		{F835CFE4-6A25-495F-B57B-1C09D0029B3A}.Release|Any CPU.ActiveCfg = Release|x86
		{F835CFE4-6A25-495F-B57B-1C09D0029B3A}.Release|Mixed Platforms.ActiveCfg = Release|x86
		{F835CFE4-6A25-495F-B57B-1C09D0029B3A}.Release|Mixed Platforms.Build.0 = Release|x86
		{F835CFE4-6A25-495F-B57B-1C09D0029B3A}.Release|x86.ActiveCfg = Release|x86
		{F835CFE4-6A25-495F-B57B-1C09D0029B3A}.Release|x86.Build.0 = Release|x86
		{FAA1D2AE-8A69-479E-9744-EE9BA489BC3F}.Debug|Any CPU.ActiveCfg = Debug|Any CPU
		{FAA1D2AE-8A69-479E-9744-EE9BA489BC3F}.Debug|Any CPU.Build.0 = Debug|Any CPU
		{FAA1D2AE-8A69-479E-9744-EE9BA489BC3F}.Debug|Mixed Platforms.ActiveCfg = Debug|Any CPU
		{FAA1D2AE-8A69-479E-9744-EE9BA489BC3F}.Debug|Mixed Platforms.Build.0 = Debug|Any CPU
		{FAA1D2AE-8A69-479E-9744-EE9BA489BC3F}.Debug|x86.ActiveCfg = Debug|Any CPU
		{FAA1D2AE-8A69-479E-9744-EE9BA489BC3F}.Release|Any CPU.ActiveCfg = Release|Any CPU
		{FAA1D2AE-8A69-479E-9744-EE9BA489BC3F}.Release|Any CPU.Build.0 = Release|Any CPU
		{FAA1D2AE-8A69-479E-9744-EE9BA489BC3F}.Release|Mixed Platforms.ActiveCfg = Release|Any CPU
		{FAA1D2AE-8A69-479E-9744-EE9BA489BC3F}.Release|Mixed Platforms.Build.0 = Release|Any CPU
		{FAA1D2AE-8A69-479E-9744-EE9BA489BC3F}.Release|x86.ActiveCfg = Release|Any CPU
	EndGlobalSection
	GlobalSection(NestedProjects) = preSolution
		{7EFC1679-11C0-4C4D-92F6-739FFEDEB584} = {1C07C567-A1C7-4BE9-81BA-5BE1DE043065}
		{F835CFE4-6A25-495F-B57B-1C09D0029B3A} = {1C07C567-A1C7-4BE9-81BA-5BE1DE043065}
		{D0BC24E3-F0FD-4F3F-82A9-A37E01D470A9} = {1C07C567-A1C7-4BE9-81BA-5BE1DE043065}
		{2C2984E7-8FE9-49DF-80D7-2B7E0489C152} = {89333AD7-954D-4B21-8D48-58677B2457D7}
		{358B9AE1-8B60-41F6-B51A-AC6AA26C1974} = {89333AD7-954D-4B21-8D48-58677B2457D7}
	EndGlobalSection
	GlobalSection(MonoDevelopProperties) = preSolution
		StartupItem = AutoTest.VM\AutoTest.VM.csproj
	EndGlobalSection
	GlobalSection(SolutionProperties) = preSolution
		HideSolutionNode = FALSE
	EndGlobalSection
EndGlobal
